// !$*UTF8*$!
{
	archiveVersion = 1;
	classes = {
	};
	objectVersion = 46;
	objects = {

/* Begin PBXBuildFile section */
		5536D0581B705CBF0000AA8B /* AppDelegate.swift in Sources */ = {isa = PBXBuildFile; fileRef = 5536D0571B705CBF0000AA8B /* AppDelegate.swift */; };
		5536D05A1B705CBF0000AA8B /* ViewController.swift in Sources */ = {isa = PBXBuildFile; fileRef = 5536D0591B705CBF0000AA8B /* ViewController.swift */; };
		5536D05D1B705CBF0000AA8B /* Main.storyboard in Resources */ = {isa = PBXBuildFile; fileRef = 5536D05B1B705CBF0000AA8B /* Main.storyboard */; };
		5536D05F1B705CBF0000AA8B /* Images.xcassets in Resources */ = {isa = PBXBuildFile; fileRef = 5536D05E1B705CBF0000AA8B /* Images.xcassets */; };
		5536D0621B705CBF0000AA8B /* LaunchScreen.xib in Resources */ = {isa = PBXBuildFile; fileRef = 5536D0601B705CBF0000AA8B /* LaunchScreen.xib */; };
		5536D06E1B705CBF0000AA8B /* event_frontTests.swift in Sources */ = {isa = PBXBuildFile; fileRef = 5536D06D1B705CBF0000AA8B /* event_frontTests.swift */; };
/* End PBXBuildFile section */

/* Begin PBXContainerItemProxy section */
		5536D0681B705CBF0000AA8B /* PBXContainerItemProxy */ = {
			isa = PBXContainerItemProxy;
			containerPortal = 5536D04A1B705CBF0000AA8B /* Project object */;
			proxyType = 1;
			remoteGlobalIDString = 5536D0511B705CBF0000AA8B;
			remoteInfo = "event-front";
		};
/* End PBXContainerItemProxy section */

/* Begin PBXFileReference section */
		5536D0521B705CBF0000AA8B /* event-front.app */ = {isa = PBXFileReference; explicitFileType = wrapper.application; includeInIndex = 0; path = "event-front.app"; sourceTree = BUILT_PRODUCTS_DIR; };
		5536D0561B705CBF0000AA8B /* Info.plist */ = {isa = PBXFileReference; lastKnownFileType = text.plist.xml; path = Info.plist; sourceTree = "<group>"; };
		5536D0571B705CBF0000AA8B /* AppDelegate.swift */ = {isa = PBXFileReference; lastKnownFileType = sourcecode.swift; path = AppDelegate.swift; sourceTree = "<group>"; };
		5536D0591B705CBF0000AA8B /* ViewController.swift */ = {isa = PBXFileReference; lastKnownFileType = sourcecode.swift; path = ViewController.swift; sourceTree = "<group>"; };
		5536D05C1B705CBF0000AA8B /* Base */ = {isa = PBXFileReference; lastKnownFileType = file.storyboard; name = Base; path = Base.lproj/Main.storyboard; sourceTree = "<group>"; };
		5536D05E1B705CBF0000AA8B /* Images.xcassets */ = {isa = PBXFileReference; lastKnownFileType = folder.assetcatalog; path = Images.xcassets; sourceTree = "<group>"; };
		5536D0611B705CBF0000AA8B /* Base */ = {isa = PBXFileReference; lastKnownFileType = file.xib; name = Base; path = Base.lproj/LaunchScreen.xib; sourceTree = "<group>"; };
		5536D0671B705CBF0000AA8B /* event-frontTests.xctest */ = {isa = PBXFileReference; explicitFileType = wrapper.cfbundle; includeInIndex = 0; path = "event-frontTests.xctest"; sourceTree = BUILT_PRODUCTS_DIR; };
		5536D06C1B705CBF0000AA8B /* Info.plist */ = {isa = PBXFileReference; lastKnownFileType = text.plist.xml; path = Info.plist; sourceTree = "<group>"; };
		5536D06D1B705CBF0000AA8B /* event_frontTests.swift */ = {isa = PBXFileReference; lastKnownFileType = sourcecode.swift; path = event_frontTests.swift; sourceTree = "<group>"; };
/* End PBXFileReference section */

/* Begin PBXFrameworksBuildPhase section */
		5536D04F1B705CBF0000AA8B /* Frameworks */ = {
			isa = PBXFrameworksBuildPhase;
			buildActionMask = 2147483647;
			files = (
			);
			runOnlyForDeploymentPostprocessing = 0;
		};
		5536D0641B705CBF0000AA8B /* Frameworks */ = {
			isa = PBXFrameworksBuildPhase;
			buildActionMask = 2147483647;
			files = (
			);
			runOnlyForDeploymentPostprocessing = 0;
		};
/* End PBXFrameworksBuildPhase section */

/* Begin PBXGroup section */
		5536D0491B705CBF0000AA8B = {
			isa = PBXGroup;
			children = (
				5536D0541B705CBF0000AA8B /* event-front */,
				5536D06A1B705CBF0000AA8B /* event-frontTests */,
				5536D0531B705CBF0000AA8B /* Products */,
			);
			sourceTree = "<group>";
		};
		5536D0531B705CBF0000AA8B /* Products */ = {
			isa = PBXGroup;
			children = (
				5536D0521B705CBF0000AA8B /* event-front.app */,
				5536D0671B705CBF0000AA8B /* event-frontTests.xctest */,
			);
			name = Products;
			sourceTree = "<group>";
		};
		5536D0541B705CBF0000AA8B /* event-front */ = {
			isa = PBXGroup;
			children = (
				5536D0571B705CBF0000AA8B /* AppDelegate.swift */,
				5536D0591B705CBF0000AA8B /* ViewController.swift */,
				5536D05B1B705CBF0000AA8B /* Main.storyboard */,
				5536D05E1B705CBF0000AA8B /* Images.xcassets */,
				5536D0601B705CBF0000AA8B /* LaunchScreen.xib */,
				5536D0551B705CBF0000AA8B /* Supporting Files */,
			);
			path = "event-front";
			sourceTree = "<group>";
		};
		5536D0551B705CBF0000AA8B /* Supporting Files */ = {
			isa = PBXGroup;
			children = (
				5536D0561B705CBF0000AA8B /* Info.plist */,
			);
			name = "Supporting Files";
			sourceTree = "<group>";
		};
		5536D06A1B705CBF0000AA8B /* event-frontTests */ = {
			isa = PBXGroup;
			children = (
				5536D06D1B705CBF0000AA8B /* event_frontTests.swift */,
				5536D06B1B705CBF0000AA8B /* Supporting Files */,
			);
			path = "event-frontTests";
			sourceTree = "<group>";
		};
		5536D06B1B705CBF0000AA8B /* Supporting Files */ = {
			isa = PBXGroup;
			children = (
				5536D06C1B705CBF0000AA8B /* Info.plist */,
			);
			name = "Supporting Files";
			sourceTree = "<group>";
		};
/* End PBXGroup section */

/* Begin PBXNativeTarget section */
		5536D0511B705CBF0000AA8B /* event-front */ = {
			isa = PBXNativeTarget;
			buildConfigurationList = 5536D0711B705CBF0000AA8B /* Build configuration list for PBXNativeTarget "event-front" */;
			buildPhases = (
				5536D04E1B705CBF0000AA8B /* Sources */,
				5536D04F1B705CBF0000AA8B /* Frameworks */,
				5536D0501B705CBF0000AA8B /* Resources */,
			);
			buildRules = (
			);
			dependencies = (
			);
			name = "event-front";
			productName = "event-front";
			productReference = 5536D0521B705CBF0000AA8B /* event-front.app */;
			productType = "com.apple.product-type.application";
		};
		5536D0661B705CBF0000AA8B /* event-frontTests */ = {
			isa = PBXNativeTarget;
			buildConfigurationList = 5536D0741B705CBF0000AA8B /* Build configuration list for PBXNativeTarget "event-frontTests" */;
			buildPhases = (
				5536D0631B705CBF0000AA8B /* Sources */,
				5536D0641B705CBF0000AA8B /* Frameworks */,
				5536D0651B705CBF0000AA8B /* Resources */,
			);
			buildRules = (
			);
			dependencies = (
				5536D0691B705CBF0000AA8B /* PBXTargetDependency */,
			);
			name = "event-frontTests";
			productName = "event-frontTests";
			productReference = 5536D0671B705CBF0000AA8B /* event-frontTests.xctest */;
			productType = "com.apple.product-type.bundle.unit-test";
		};
/* End PBXNativeTarget section */

/* Begin PBXProject section */
		5536D04A1B705CBF0000AA8B /* Project object */ = {
			isa = PBXProject;
			attributes = {
				LastUpgradeCheck = 0640;
				ORGANIZATIONNAME = event;
				TargetAttributes = {
					5536D0511B705CBF0000AA8B = {
						CreatedOnToolsVersion = 6.4;
					};
					5536D0661B705CBF0000AA8B = {
						CreatedOnToolsVersion = 6.4;
						TestTargetID = 5536D0511B705CBF0000AA8B;
					};
				};
			};
			buildConfigurationList = 5536D04D1B705CBF0000AA8B /* Build configuration list for PBXProject "event-front" */;
			compatibilityVersion = "Xcode 3.2";
			developmentRegion = English;
			hasScannedForEncodings = 0;
			knownRegions = (
				en,
				Base,
			);
			mainGroup = 5536D0491B705CBF0000AA8B;
			productRefGroup = 5536D0531B705CBF0000AA8B /* Products */;
			projectDirPath = "";
			projectRoot = "";
			targets = (
				5536D0511B705CBF0000AA8B /* event-front */,
				5536D0661B705CBF0000AA8B /* event-frontTests */,
			);
		};
/* End PBXProject section */

/* Begin PBXResourcesBuildPhase section */
		5536D0501B705CBF0000AA8B /* Resources */ = {
			isa = PBXResourcesBuildPhase;
			buildActionMask = 2147483647;
			files = (
				5536D05D1B705CBF0000AA8B /* Main.storyboard in Resources */,
				5536D0621B705CBF0000AA8B /* LaunchScreen.xib in Resources */,
				5536D05F1B705CBF0000AA8B /* Images.xcassets in Resources */,
			);
			runOnlyForDeploymentPostprocessing = 0;
		};
		5536D0651B705CBF0000AA8B /* Resources */ = {
			isa = PBXResourcesBuildPhase;
			buildActionMask = 2147483647;
			files = (
			);
			runOnlyForDeploymentPostprocessing = 0;
		};
/* End PBXResourcesBuildPhase section */

/* Begin PBXSourcesBuildPhase section */
		5536D04E1B705CBF0000AA8B /* Sources */ = {
			isa = PBXSourcesBuildPhase;
			buildActionMask = 2147483647;
			files = (
				5536D05A1B705CBF0000AA8B /* ViewController.swift in Sources */,
				5536D0581B705CBF0000AA8B /* AppDelegate.swift in Sources */,
			);
			runOnlyForDeploymentPostprocessing = 0;
		};
		5536D0631B705CBF0000AA8B /* Sources */ = {
			isa = PBXSourcesBuildPhase;
			buildActionMask = 2147483647;
			files = (
				5536D06E1B705CBF0000AA8B /* event_frontTests.swift in Sources */,
			);
			runOnlyForDeploymentPostprocessing = 0;
		};
/* End PBXSourcesBuildPhase section */

/* Begin PBXTargetDependency section */
		5536D0691B705CBF0000AA8B /* PBXTargetDependency */ = {
			isa = PBXTargetDependency;
			target = 5536D0511B705CBF0000AA8B /* event-front */;
			targetProxy = 5536D0681B705CBF0000AA8B /* PBXContainerItemProxy */;
		};
/* End PBXTargetDependency section */

/* Begin PBXVariantGroup section */
		5536D05B1B705CBF0000AA8B /* Main.storyboard */ = {
			isa = PBXVariantGroup;
			children = (
				5536D05C1B705CBF0000AA8B /* Base */,
			);
			name = Main.storyboard;
			sourceTree = "<group>";
		};
		5536D0601B705CBF0000AA8B /* LaunchScreen.xib */ = {
			isa = PBXVariantGroup;
			children = (
				5536D0611B705CBF0000AA8B /* Base */,
			);
			name = LaunchScreen.xib;
			sourceTree = "<group>";
		};
/* End PBXVariantGroup section */

/* Begin XCBuildConfiguration section */
		5536D06F1B705CBF0000AA8B /* Debug */ = {
			isa = XCBuildConfiguration;
			buildSettings = {
				ALWAYS_SEARCH_USER_PATHS = NO;
				CLANG_CXX_LANGUAGE_STANDARD = "gnu++0x";
				CLANG_CXX_LIBRARY = "libc++";
				CLANG_ENABLE_MODULES = YES;
				CLANG_ENABLE_OBJC_ARC = YES;
				CLANG_WARN_BOOL_CONVERSION = YES;
				CLANG_WARN_CONSTANT_CONVERSION = YES;
				CLANG_WARN_DIRECT_OBJC_ISA_USAGE = YES_ERROR;
				CLANG_WARN_EMPTY_BODY = YES;
				CLANG_WARN_ENUM_CONVERSION = YES;
				CLANG_WARN_INT_CONVERSION = YES;
				CLANG_WARN_OBJC_ROOT_CLASS = YES_ERROR;
				CLANG_WARN_UNREACHABLE_CODE = YES;
				CLANG_WARN__DUPLICATE_METHOD_MATCH = YES;
				"CODE_SIGN_IDENTITY[sdk=iphoneos*]" = "iPhone Developer";
				COPY_PHASE_STRIP = NO;
				DEBUG_INFORMATION_FORMAT = "dwarf-with-dsym";
				ENABLE_STRICT_OBJC_MSGSEND = YES;
				GCC_C_LANGUAGE_STANDARD = gnu99;
				GCC_DYNAMIC_NO_PIC = NO;
				GCC_NO_COMMON_BLOCKS = YES;
				GCC_OPTIMIZATION_LEVEL = 0;
				GCC_PREPROCESSOR_DEFINITIONS = (
					"DEBUG=1",
					"$(inherited)",
				);
				GCC_SYMBOLS_PRIVATE_EXTERN = NO;
				GCC_WARN_64_TO_32_BIT_CONVERSION = YES;
				GCC_WARN_ABOUT_RETURN_TYPE = YES_ERROR;
				GCC_WARN_UNDECLARED_SELECTOR = YES;
				GCC_WARN_UNINITIALIZED_AUTOS = YES_AGGRESSIVE;
				GCC_WARN_UNUSED_FUNCTION = YES;
				GCC_WARN_UNUSED_VARIABLE = YES;
				IPHONEOS_DEPLOYMENT_TARGET = 8.4;
				MTL_ENABLE_DEBUG_INFO = YES;
				ONLY_ACTIVE_ARCH = YES;
				SDKROOT = iphoneos;
				SWIFT_OPTIMIZATION_LEVEL = "-Onone";
			};
			name = Debug;
		};
		5536D0701B705CBF0000AA8B /* Release */ = {
			isa = XCBuildConfiguration;
			buildSettings = {
				ALWAYS_SEARCH_USER_PATHS = NO;
				CLANG_CXX_LANGUAGE_STANDARD = "gnu++0x";
				CLANG_CXX_LIBRARY = "libc++";
				CLANG_ENABLE_MODULES = YES;
				CLANG_ENABLE_OBJC_ARC = YES;
				CLANG_WARN_BOOL_CONVERSION = YES;
				CLANG_WARN_CONSTANT_CONVERSION = YES;
				CLANG_WARN_DIRECT_OBJC_ISA_USAGE = YES_ERROR;
				CLANG_WARN_EMPTY_BODY = YES;
				CLANG_WARN_ENUM_CONVERSION = YES;
				CLANG_WARN_INT_CONVERSION = YES;
				CLANG_WARN_OBJC_ROOT_CLASS = YES_ERROR;
				CLANG_WARN_UNREACHABLE_CODE = YES;
				CLANG_WARN__DUPLICATE_METHOD_MATCH = YES;
				"CODE_SIGN_IDENTITY[sdk=iphoneos*]" = "iPhone Developer";
				COPY_PHASE_STRIP = NO;
				DEBUG_INFORMATION_FORMAT = "dwarf-with-dsym";
				ENABLE_NS_ASSERTIONS = NO;
				ENABLE_STRICT_OBJC_MSGSEND = YES;
				GCC_C_LANGUAGE_STANDARD = gnu99;
				GCC_NO_COMMON_BLOCKS = YES;
				GCC_WARN_64_TO_32_BIT_CONVERSION = YES;
				GCC_WARN_ABOUT_RETURN_TYPE = YES_ERROR;
				GCC_WARN_UNDECLARED_SELECTOR = YES;
				GCC_WARN_UNINITIALIZED_AUTOS = YES_AGGRESSIVE;
				GCC_WARN_UNUSED_FUNCTION = YES;
				GCC_WARN_UNUSED_VARIABLE = YES;
				IPHONEOS_DEPLOYMENT_TARGET = 8.4;
				MTL_ENABLE_DEBUG_INFO = NO;
				SDKROOT = iphoneos;
				VALIDATE_PRODUCT = YES;
			};
			name = Release;
		};
		5536D0721B705CBF0000AA8B /* Debug */ = {
			isa = XCBuildConfiguration;
			buildSettings = {
				ASSETCATALOG_COMPILER_APPICON_NAME = AppIcon;
				INFOPLIST_FILE = "event-front/Info.plist";
				LD_RUNPATH_SEARCH_PATHS = "$(inherited) @executable_path/Frameworks";
				PRODUCT_NAME = "$(TARGET_NAME)";
			};
			name = Debug;
		};
		5536D0731B705CBF0000AA8B /* Release */ = {
			isa = XCBuildConfiguration;
			buildSettings = {
				ASSETCATALOG_COMPILER_APPICON_NAME = AppIcon;
				INFOPLIST_FILE = "event-front/Info.plist";
				LD_RUNPATH_SEARCH_PATHS = "$(inherited) @executable_path/Frameworks";
				PRODUCT_NAME = "$(TARGET_NAME)";
			};
			name = Release;
		};
		5536D0751B705CBF0000AA8B /* Debug */ = {
			isa = XCBuildConfiguration;
			buildSettings = {
				BUNDLE_LOADER = "$(TEST_HOST)";
				FRAMEWORK_SEARCH_PATHS = (
					"$(SDKROOT)/Developer/Library/Frameworks",
					"$(inherited)",
				);
				GCC_PREPROCESSOR_DEFINITIONS = (
					"DEBUG=1",
					"$(inherited)",
				);
				INFOPLIST_FILE = "event-frontTests/Info.plist";
				LD_RUNPATH_SEARCH_PATHS = "$(inherited) @executable_path/Frameworks @loader_path/Frameworks";
				PRODUCT_NAME = "$(TARGET_NAME)";
				TEST_HOST = "$(BUILT_PRODUCTS_DIR)/event-front.app/event-front";
			};
			name = Debug;
		};
		5536D0761B705CBF0000AA8B /* Release */ = {
			isa = XCBuildConfiguration;
			buildSettings = {
				BUNDLE_LOADER = "$(TEST_HOST)";
				FRAMEWORK_SEARCH_PATHS = (
					"$(SDKROOT)/Developer/Library/Frameworks",
					"$(inherited)",
				);
				INFOPLIST_FILE = "event-frontTests/Info.plist";
				LD_RUNPATH_SEARCH_PATHS = "$(inherited) @executable_path/Frameworks @loader_path/Frameworks";
				PRODUCT_NAME = "$(TARGET_NAME)";
				TEST_HOST = "$(BUILT_PRODUCTS_DIR)/event-front.app/event-front";
			};
			name = Release;
		};
/* End XCBuildConfiguration section */

/* Begin XCConfigurationList section */
		5536D04D1B705CBF0000AA8B /* Build configuration list for PBXProject "event-front" */ = {
			isa = XCConfigurationList;
			buildConfigurations = (
				5536D06F1B705CBF0000AA8B /* Debug */,
				5536D0701B705CBF0000AA8B /* Release */,
			);
			defaultConfigurationIsVisible = 0;
			defaultConfigurationName = Release;
		};
		5536D0711B705CBF0000AA8B /* Build configuration list for PBXNativeTarget "event-front" */ = {
			isa = XCConfigurationList;
			buildConfigurations = (
				5536D0721B705CBF0000AA8B /* Debug */,
				5536D0731B705CBF0000AA8B /* Release */,
			);
			defaultConfigurationIsVisible = 0;
		};
		5536D0741B705CBF0000AA8B /* Build configuration list for PBXNativeTarget "event-frontTests" */ = {
			isa = XCConfigurationList;
			buildConfigurations = (
				5536D0751B705CBF0000AA8B /* Debug */,
				5536D0761B705CBF0000AA8B /* Release */,
			);
			defaultConfigurationIsVisible = 0;
		};
/* End XCConfigurationList section */
	};
	rootObject = 5536D04A1B705CBF0000AA8B /* Project object */;
}
